
Microsoft Visual Studio Solution File, Format Version 12.00
# Visual Studio Version 17
VisualStudioVersion = 17.4.33110.190
MinimumVisualStudioVersion = 10.0.40219.1
Project("{9A19103F-16F7-4668-BE54-9A1E7A4F7556}") = "ShareFile.Api.Helpers", "ShareFile.Api.Helpers.csproj", "{278E0D15-4B4A-4E3F-AF96-459C1D6678FE}"
EndProject
Project("{9A19103F-16F7-4668-BE54-9A1E7A4F7556}") = "Common", "..\Extensions\source\Common\Common.csproj", "{B5654724-4EE5-47AF-BF6A-8AA5F7E92257}"
EndProject
Global
	GlobalSection(SolutionConfigurationPlatforms) = preSolution
		Debug|Any CPU = Debug|Any CPU
		Release|Any CPU = Release|Any CPU
	EndGlobalSection
	GlobalSection(ProjectConfigurationPlatforms) = postSolution
		{278E0D15-4B4A-4E3F-AF96-459C1D6678FE}.Debug|Any CPU.ActiveCfg = Debug|Any CPU
		{278E0D15-4B4A-4E3F-AF96-459C1D6678FE}.Debug|Any CPU.Build.0 = Debug|Any CPU
		{278E0D15-4B4A-4E3F-AF96-459C1D6678FE}.Release|Any CPU.ActiveCfg = Release|Any CPU
		{278E0D15-4B4A-4E3F-AF96-459C1D6678FE}.Release|Any CPU.Build.0 = Release|Any CPU
		{B5654724-4EE5-47AF-BF6A-8AA5F7E92257}.Debug|Any CPU.ActiveCfg = Debug|Any CPU
		{B5654724-4EE5-47AF-BF6A-8AA5F7E92257}.Debug|Any CPU.Build.0 = Debug|Any CPU
		{B5654724-4EE5-47AF-BF6A-8AA5F7E92257}.Release|Any CPU.ActiveCfg = Release|Any CPU
		{B5654724-4EE5-47AF-BF6A-8AA5F7E92257}.Release|Any CPU.Build.0 = Release|Any CPU
	EndGlobalSection
	GlobalSection(SolutionProperties) = preSolution
		HideSolutionNode = FALSE
	EndGlobalSection
	GlobalSection(ExtensibilityGlobals) = postSolution
		SolutionGuid = {4844ACBE-6F8E-4757-96B1-B4CDC99F07FD}
	EndGlobalSection
EndGlobal
